
Microsoft Visual Studio Solution File, Format Version 10.00
# Visual Studio 2008
Project("{8BC9CEB8-8B4A-11D0-8D11-00A0C91BC942}") = "FunctionEggtimer", "FunctionEggtimer.vcproj", "{6E4B434E-C96F-4780-A26C-114969B25A15}"
EndProject
Global
	GlobalSection(SolutionConfigurationPlatforms) = preSolution
		Debug|Win32 = Debug|Win32
		Release_Small|Win32 = Release_Small|Win32
		Release|Win32 = Release|Win32
		Run_Only_Small|Win32 = Run_Only_Small|Win32
		Run_Only|Win32 = Run_Only|Win32
		Vitalize_Small|Win32 = Vitalize_Small|Win32
		Vitalize|Win32 = Vitalize|Win32
	EndGlobalSection
	GlobalSection(ProjectConfigurationPlatforms) = postSolution
		{6E4B434E-C96F-4780-A26C-114969B25A15}.Debug|Win32.ActiveCfg = Debug|Win32
		{6E4B434E-C96F-4780-A26C-114969B25A15}.Debug|Win32.Build.0 = Debug|Win32
		{6E4B434E-C96F-4780-A26C-114969B25A15}.Release_Small|Win32.ActiveCfg = Release_Small|Win32
		{6E4B434E-C96F-4780-A26C-114969B25A15}.Release_Small|Win32.Build.0 = Release_Small|Win32
		{6E4B434E-C96F-4780-A26C-114969B25A15}.Release|Win32.ActiveCfg = Release|Win32
		{6E4B434E-C96F-4780-A26C-114969B25A15}.Release|Win32.Build.0 = Release|Win32
		{6E4B434E-C96F-4780-A26C-114969B25A15}.Run_Only_Small|Win32.ActiveCfg = Run_Only_Small|Win32
		{6E4B434E-C96F-4780-A26C-114969B25A15}.Run_Only_Small|Win32.Build.0 = Run_Only_Small|Win32
		{6E4B434E-C96F-4780-A26C-114969B25A15}.Run_Only|Win32.ActiveCfg = Run_Only|Win32
		{6E4B434E-C96F-4780-A26C-114969B25A15}.Run_Only|Win32.Build.0 = Run_Only|Win32
		{6E4B434E-C96F-4780-A26C-114969B25A15}.Vitalize_Small|Win32.ActiveCfg = Vitalize_Small|Win32
		{6E4B434E-C96F-4780-A26C-114969B25A15}.Vitalize_Small|Win32.Build.0 = Vitalize_Small|Win32
		{6E4B434E-C96F-4780-A26C-114969B25A15}.Vitalize|Win32.ActiveCfg = Vitalize|Win32
		{6E4B434E-C96F-4780-A26C-114969B25A15}.Vitalize|Win32.Build.0 = Vitalize|Win32
	EndGlobalSection
	GlobalSection(SolutionProperties) = preSolution
		HideSolutionNode = FALSE
	EndGlobalSection
EndGlobal
